<?xml version="1.0" encoding="utf-8"?>
<Project ToolsVersion="17.0" xmlns="http://schemas.microsoft.com/developer/msbuild/2003">
  <ItemGroup>
    <CustomBuild Include="D:\proj\github\lukezhang-123\database-mysql\mysql-5.7-msvc-gui-proj\build-cmake\CMakeFiles\fbffcd945be63a154b6cda49c95efc77\mysqlx.proto.rule">
      <Filter>CMake Rules</Filter>
    </CustomBuild>
    <CustomBuild Include="D:\proj\github\lukezhang-123\database-mysql\mysql-5.7-msvc-gui-proj\build-cmake\CMakeFiles\fbffcd945be63a154b6cda49c95efc77\mysqlx_connection.proto.rule">
      <Filter>CMake Rules</Filter>
    </CustomBuild>
    <CustomBuild Include="D:\proj\github\lukezhang-123\database-mysql\mysql-5.7-msvc-gui-proj\build-cmake\CMakeFiles\fbffcd945be63a154b6cda49c95efc77\mysqlx_crud.proto.rule">
      <Filter>CMake Rules</Filter>
    </CustomBuild>
    <CustomBuild Include="D:\proj\github\lukezhang-123\database-mysql\mysql-5.7-msvc-gui-proj\build-cmake\CMakeFiles\fbffcd945be63a154b6cda49c95efc77\mysqlx_datatypes.proto.rule">
      <Filter>CMake Rules</Filter>
    </CustomBuild>
    <CustomBuild Include="D:\proj\github\lukezhang-123\database-mysql\mysql-5.7-msvc-gui-proj\build-cmake\CMakeFiles\fbffcd945be63a154b6cda49c95efc77\mysqlx_expect.proto.rule">
      <Filter>CMake Rules</Filter>
    </CustomBuild>
    <CustomBuild Include="D:\proj\github\lukezhang-123\database-mysql\mysql-5.7-msvc-gui-proj\build-cmake\CMakeFiles\fbffcd945be63a154b6cda49c95efc77\mysqlx_expr.proto.rule">
      <Filter>CMake Rules</Filter>
    </CustomBuild>
    <CustomBuild Include="D:\proj\github\lukezhang-123\database-mysql\mysql-5.7-msvc-gui-proj\build-cmake\CMakeFiles\fbffcd945be63a154b6cda49c95efc77\mysqlx_notice.proto.rule">
      <Filter>CMake Rules</Filter>
    </CustomBuild>
    <CustomBuild Include="D:\proj\github\lukezhang-123\database-mysql\mysql-5.7-msvc-gui-proj\build-cmake\CMakeFiles\fbffcd945be63a154b6cda49c95efc77\mysqlx_resultset.proto.rule">
      <Filter>CMake Rules</Filter>
    </CustomBuild>
    <CustomBuild Include="D:\proj\github\lukezhang-123\database-mysql\mysql-5.7-msvc-gui-proj\build-cmake\CMakeFiles\fbffcd945be63a154b6cda49c95efc77\mysqlx_session.proto.rule">
      <Filter>CMake Rules</Filter>
    </CustomBuild>
    <CustomBuild Include="D:\proj\github\lukezhang-123\database-mysql\mysql-5.7-msvc-gui-proj\build-cmake\CMakeFiles\fbffcd945be63a154b6cda49c95efc77\mysqlx_sql.proto.rule">
      <Filter>CMake Rules</Filter>
    </CustomBuild>
    <CustomBuild Include="D:\proj\github\lukezhang-123\database-mysql\mysql-5.7-msvc-gui-proj\build-cmake\CMakeFiles\96ffd2d57b183c0052df269780799a16\GenLiteProtos.rule">
      <Filter>CMake Rules</Filter>
    </CustomBuild>
    <CustomBuild Include="D:\proj\github\lukezhang-123\database-mysql\mysql-5.7-msvc-gui-proj\rapid\plugin\x\CMakeLists.txt" />
  </ItemGroup>
  <ItemGroup>
    <None Include="D:\proj\github\lukezhang-123\database-mysql\mysql-5.7-msvc-gui-proj\build-cmake\rapid\plugin\x\CMakeFiles\GenLiteProtos" />
  </ItemGroup>
  <ItemGroup>
    <Filter Include="CMake Rules">
      <UniqueIdentifier>{6E8EE932-01A1-3A34-87BA-625B2687DB10}</UniqueIdentifier>
    </Filter>
  </ItemGroup>
</Project>
