<?xml version="1.0" encoding="utf-8"?>
<Project ToolsVersion="17.0" xmlns="http://schemas.microsoft.com/developer/msbuild/2003">
  <ItemGroup>
    <CustomBuild Include="D:\proj\github\lukezhang-123\database-mysql\mysql-5.7-msvc-gui-proj\build-cmake\CMakeFiles\d6f8b4fc6f3baa45b05cea4f7c4ce34e\xcom_vp.h.rule">
      <Filter>CMake Rules</Filter>
    </CustomBuild>
    <CustomBuild Include="D:\proj\github\lukezhang-123\database-mysql\mysql-5.7-msvc-gui-proj\build-cmake\CMakeFiles\8caddae5754b9b7ccc6ab59276787528\gen_xcom_vp_c.rule">
      <Filter>CMake Rules</Filter>
    </CustomBuild>
    <CustomBuild Include="D:\proj\github\lukezhang-123\database-mysql\mysql-5.7-msvc-gui-proj\rapid\plugin\group_replication\CMakeLists.txt" />
  </ItemGroup>
  <ItemGroup>
    <None Include="D:\proj\github\lukezhang-123\database-mysql\mysql-5.7-msvc-gui-proj\build-cmake\rapid\plugin\group_replication\CMakeFiles\gen_xcom_vp_c" />
  </ItemGroup>
  <ItemGroup>
    <Filter Include="CMake Rules">
      <UniqueIdentifier>{6E8EE932-01A1-3A34-87BA-625B2687DB10}</UniqueIdentifier>
    </Filter>
  </ItemGroup>
</Project>
