<?xml version="1.0" encoding="utf-8"?>
<Project ToolsVersion="17.0" xmlns="http://schemas.microsoft.com/developer/msbuild/2003">
  <ItemGroup>
    <ClCompile Include="D:\proj\github\lukezhang-123\database-mysql\mysql-5.7-msvc-gui-proj\extra\libevent\libevent-2.1.11-stable\event_tagging.c">
      <Filter>Source Extra</Filter>
    </ClCompile>
    <ClCompile Include="D:\proj\github\lukezhang-123\database-mysql\mysql-5.7-msvc-gui-proj\extra\libevent\libevent-2.1.11-stable\http.c">
      <Filter>Source Extra</Filter>
    </ClCompile>
    <ClCompile Include="D:\proj\github\lukezhang-123\database-mysql\mysql-5.7-msvc-gui-proj\extra\libevent\libevent-2.1.11-stable\evdns.c">
      <Filter>Source Extra</Filter>
    </ClCompile>
    <ClCompile Include="D:\proj\github\lukezhang-123\database-mysql\mysql-5.7-msvc-gui-proj\extra\libevent\libevent-2.1.11-stable\evrpc.c">
      <Filter>Source Extra</Filter>
    </ClCompile>
  </ItemGroup>
  <ItemGroup>
    <CustomBuild Include="D:\proj\github\lukezhang-123\database-mysql\mysql-5.7-msvc-gui-proj\extra\libevent\libevent-2.1.11-stable\CMakeLists.txt" />
  </ItemGroup>
  <ItemGroup>
    <Filter Include="Source Extra">
      <UniqueIdentifier>{1013EAD0-576C-337A-B011-98ADDE5D56D8}</UniqueIdentifier>
    </Filter>
  </ItemGroup>
</Project>
