<?xml version="1.0" encoding="utf-8"?>
<Project ToolsVersion="17.0" xmlns="http://schemas.microsoft.com/developer/msbuild/2003">
  <ItemGroup>
    <CustomBuild Include="D:\proj\github\lukezhang-123\database-mysql\mysql-5.7-msvc-gui-proj\build-cmake\CMakeFiles\d7461c384bfd906dcdf6b8e73776259c\RUN_TESTS_force.rule">
      <Filter>CMake Rules</Filter>
    </CustomBuild>
  </ItemGroup>
  <ItemGroup>
    <Filter Include="CMake Rules">
      <UniqueIdentifier>{6E8EE932-01A1-3A34-87BA-625B2687DB10}</UniqueIdentifier>
    </Filter>
  </ItemGroup>
</Project>
